// !$*UTF8*$!
{
	archiveVersion = 1;
	classes = {
	};
	objectVersion = 50;
	objects = {

/* Begin PBXBuildFile section */
		7228E9352191338900029538 /* ViewController.swift in Sources */ = {isa = PBXBuildFile; fileRef = 7228E92E2191338800029538 /* ViewController.swift */; };
		7228E9362191338900029538 /* AppDelegate.swift in Sources */ = {isa = PBXBuildFile; fileRef = 7228E9312191338800029538 /* AppDelegate.swift */; };
		728C5B672193D03A002CB080 /* BaseViewController.swift in Sources */ = {isa = PBXBuildFile; fileRef = 728C5B662193D03A002CB080 /* BaseViewController.swift */; };
		728C5B692193D2AE002CB080 /* Reachability.swift in Sources */ = {isa = PBXBuildFile; fileRef = 728C5B682193D2AE002CB080 /* Reachability.swift */; };
		728C5B6F2193D386002CB080 /* DataLoggerUserDefaults.swift in Sources */ = {isa = PBXBuildFile; fileRef = 728C5B6E2193D386002CB080 /* DataLoggerUserDefaults.swift */; };
		728C5B732193DF51002CB080 /* FunctionUtil.swift in Sources */ = {isa = PBXBuildFile; fileRef = 728C5B722193DF51002CB080 /* FunctionUtil.swift */; };
		72C372AB21969B3200D172AF /* LocationManager.swift in Sources */ = {isa = PBXBuildFile; fileRef = 72C372AA21969B3200D172AF /* LocationManager.swift */; };
		72C372AD2197C35400D172AF /* BaroManager.swift in Sources */ = {isa = PBXBuildFile; fileRef = 72C372AC2197C35400D172AF /* BaroManager.swift */; };
		72CA9E2221933BB30027A6F6 /* FDKeychain.m in Sources */ = {isa = PBXBuildFile; fileRef = 72CA9E2121933BB30027A6F6 /* FDKeychain.m */; };
		72E8F05A2190F8700030189A /* Main.storyboard in Resources */ = {isa = PBXBuildFile; fileRef = 72E8F0582190F8700030189A /* Main.storyboard */; };
		72E8F05C2190F8710030189A /* Assets.xcassets in Resources */ = {isa = PBXBuildFile; fileRef = 72E8F05B2190F8710030189A /* Assets.xcassets */; };
		72E8F05F2190F8710030189A /* LaunchScreen.storyboard in Resources */ = {isa = PBXBuildFile; fileRef = 72E8F05D2190F8710030189A /* LaunchScreen.storyboard */; };
		A7D840E621951E3700E21FD2 /* ConnectionManager.swift in Sources */ = {isa = PBXBuildFile; fileRef = A7D840E221951E3700E21FD2 /* ConnectionManager.swift */; };
		A7D840E721951E3700E21FD2 /* HttpRequest.swift in Sources */ = {isa = PBXBuildFile; fileRef = A7D840E321951E3700E21FD2 /* HttpRequest.swift */; };
		A7D840E821951E3700E21FD2 /* HeartBeatBO.swift in Sources */ = {isa = PBXBuildFile; fileRef = A7D840E521951E3700E21FD2 /* HeartBeatBO.swift */; };
/* End PBXBuildFile section */

/* Begin PBXFileReference section */
		7228E92E2191338800029538 /* ViewController.swift */ = {isa = PBXFileReference; fileEncoding = 4; lastKnownFileType = sourcecode.swift; path = ViewController.swift; sourceTree = "<group>"; };
		7228E9312191338800029538 /* AppDelegate.swift */ = {isa = PBXFileReference; fileEncoding = 4; lastKnownFileType = sourcecode.swift; path = AppDelegate.swift; sourceTree = "<group>"; };
		728C5B662193D03A002CB080 /* BaseViewController.swift */ = {isa = PBXFileReference; lastKnownFileType = sourcecode.swift; path = BaseViewController.swift; sourceTree = "<group>"; };
		728C5B682193D2AE002CB080 /* Reachability.swift */ = {isa = PBXFileReference; fileEncoding = 4; lastKnownFileType = sourcecode.swift; path = Reachability.swift; sourceTree = "<group>"; };
		728C5B6E2193D386002CB080 /* DataLoggerUserDefaults.swift */ = {isa = PBXFileReference; lastKnownFileType = sourcecode.swift; path = DataLoggerUserDefaults.swift; sourceTree = "<group>"; };
		728C5B722193DF51002CB080 /* FunctionUtil.swift */ = {isa = PBXFileReference; fileEncoding = 4; lastKnownFileType = sourcecode.swift; path = FunctionUtil.swift; sourceTree = "<group>"; };
		72C372AA21969B3200D172AF /* LocationManager.swift */ = {isa = PBXFileReference; fileEncoding = 4; lastKnownFileType = sourcecode.swift; path = LocationManager.swift; sourceTree = "<group>"; };
		72C372AC2197C35400D172AF /* BaroManager.swift */ = {isa = PBXFileReference; fileEncoding = 4; lastKnownFileType = sourcecode.swift; path = BaroManager.swift; sourceTree = "<group>"; };
		72CA9E1E21933BB30027A6F6 /* FDNullOrEmpty.h */ = {isa = PBXFileReference; fileEncoding = 4; lastKnownFileType = sourcecode.c.h; path = FDNullOrEmpty.h; sourceTree = "<group>"; };
		72CA9E1F21933BB30027A6F6 /* DataLogger.pch */ = {isa = PBXFileReference; fileEncoding = 4; lastKnownFileType = sourcecode.c.h; path = DataLogger.pch; sourceTree = "<group>"; };
		72CA9E2021933BB30027A6F6 /* FDKeychain.h */ = {isa = PBXFileReference; fileEncoding = 4; lastKnownFileType = sourcecode.c.h; path = FDKeychain.h; sourceTree = "<group>"; };
		72CA9E2121933BB30027A6F6 /* FDKeychain.m */ = {isa = PBXFileReference; fileEncoding = 4; lastKnownFileType = sourcecode.c.objc; path = FDKeychain.m; sourceTree = "<group>"; };
		72CA9E2421933CA30027A6F6 /* iDataLogger-Bridging-Header.h */ = {isa = PBXFileReference; lastKnownFileType = sourcecode.c.h; path = "iDataLogger-Bridging-Header.h"; sourceTree = "<group>"; };
		72E8F0512190F8700030189A /* iDataLogger.app */ = {isa = PBXFileReference; explicitFileType = wrapper.application; includeInIndex = 0; path = iDataLogger.app; sourceTree = BUILT_PRODUCTS_DIR; };
		72E8F0592190F8700030189A /* Base */ = {isa = PBXFileReference; lastKnownFileType = file.storyboard; name = Base; path = Base.lproj/Main.storyboard; sourceTree = "<group>"; };
		72E8F05B2190F8710030189A /* Assets.xcassets */ = {isa = PBXFileReference; lastKnownFileType = folder.assetcatalog; path = Assets.xcassets; sourceTree = "<group>"; };
		72E8F05E2190F8710030189A /* Base */ = {isa = PBXFileReference; lastKnownFileType = file.storyboard; name = Base; path = Base.lproj/LaunchScreen.storyboard; sourceTree = "<group>"; };
		72E8F0602190F8710030189A /* Info.plist */ = {isa = PBXFileReference; lastKnownFileType = text.plist.xml; path = Info.plist; sourceTree = "<group>"; };
		A7D840E221951E3700E21FD2 /* ConnectionManager.swift */ = {isa = PBXFileReference; fileEncoding = 4; lastKnownFileType = sourcecode.swift; path = ConnectionManager.swift; sourceTree = "<group>"; };
		A7D840E321951E3700E21FD2 /* HttpRequest.swift */ = {isa = PBXFileReference; fileEncoding = 4; lastKnownFileType = sourcecode.swift; path = HttpRequest.swift; sourceTree = "<group>"; };
		A7D840E521951E3700E21FD2 /* HeartBeatBO.swift */ = {isa = PBXFileReference; fileEncoding = 4; lastKnownFileType = sourcecode.swift; path = HeartBeatBO.swift; sourceTree = "<group>"; };
/* End PBXFileReference section */

/* Begin PBXFrameworksBuildPhase section */
		72E8F04E2190F8700030189A /* Frameworks */ = {
			isa = PBXFrameworksBuildPhase;
			buildActionMask = 2147483647;
			files = (
			);
			runOnlyForDeploymentPostprocessing = 0;
		};
/* End PBXFrameworksBuildPhase section */

/* Begin PBXGroup section */
		7228E92B2191338800029538 /* PresentationLayer */ = {
			isa = PBXGroup;
			children = (
				7228E92D2191338800029538 /* ViewControllers */,
			);
			path = PresentationLayer;
			sourceTree = "<group>";
		};
		7228E92D2191338800029538 /* ViewControllers */ = {
			isa = PBXGroup;
			children = (
				7228E92E2191338800029538 /* ViewController.swift */,
				728C5B662193D03A002CB080 /* BaseViewController.swift */,
			);
			path = ViewControllers;
			sourceTree = "<group>";
		};
		7228E9302191338800029538 /* ApplicationLayer */ = {
			isa = PBXGroup;
			children = (
				7228E9312191338800029538 /* AppDelegate.swift */,
			);
			path = ApplicationLayer;
			sourceTree = "<group>";
		};
		7228E9322191338800029538 /* ServiceLayer */ = {
			isa = PBXGroup;
			children = (
				A7D840E221951E3700E21FD2 /* ConnectionManager.swift */,
				A7D840E321951E3700E21FD2 /* HttpRequest.swift */,
				A7D840E421951E3700E21FD2 /* Models */,
			);
			path = ServiceLayer;
			sourceTree = "<group>";
		};
		7228E9342191338900029538 /* CommonUtilities */ = {
			isa = PBXGroup;
			children = (
				728C5B722193DF51002CB080 /* FunctionUtil.swift */,
				72CA9E2421933CA30027A6F6 /* iDataLogger-Bridging-Header.h */,
				728C5B682193D2AE002CB080 /* Reachability.swift */,
				72C372AA21969B3200D172AF /* LocationManager.swift */,
				72C372AC2197C35400D172AF /* BaroManager.swift */,
				728C5B6E2193D386002CB080 /* DataLoggerUserDefaults.swift */,
			);
			path = CommonUtilities;
			sourceTree = "<group>";
		};
		72CA9E1D21933BB30027A6F6 /* KeyChainLibrary */ = {
			isa = PBXGroup;
			children = (
				72CA9E1E21933BB30027A6F6 /* FDNullOrEmpty.h */,
				72CA9E1F21933BB30027A6F6 /* DataLogger.pch */,
				72CA9E2021933BB30027A6F6 /* FDKeychain.h */,
				72CA9E2121933BB30027A6F6 /* FDKeychain.m */,
			);
			path = KeyChainLibrary;
			sourceTree = "<group>";
		};
		72E8F0482190F8700030189A = {
			isa = PBXGroup;
			children = (
				72CA9E1D21933BB30027A6F6 /* KeyChainLibrary */,
				72E8F0532190F8700030189A /* iDataLogger */,
				72E8F0522190F8700030189A /* Products */,
			);
			sourceTree = "<group>";
		};
		72E8F0522190F8700030189A /* Products */ = {
			isa = PBXGroup;
			children = (
				72E8F0512190F8700030189A /* iDataLogger.app */,
			);
			name = Products;
			sourceTree = "<group>";
		};
		72E8F0532190F8700030189A /* iDataLogger */ = {
			isa = PBXGroup;
			children = (
				7228E9302191338800029538 /* ApplicationLayer */,
				7228E9342191338900029538 /* CommonUtilities */,
				7228E92B2191338800029538 /* PresentationLayer */,
				7228E9322191338800029538 /* ServiceLayer */,
				72E8F0582190F8700030189A /* Main.storyboard */,
				72E8F05B2190F8710030189A /* Assets.xcassets */,
				72E8F05D2190F8710030189A /* LaunchScreen.storyboard */,
				72E8F0602190F8710030189A /* Info.plist */,
			);
			path = iDataLogger;
			sourceTree = "<group>";
		};
		A7D840E421951E3700E21FD2 /* Models */ = {
			isa = PBXGroup;
			children = (
				A7D840E521951E3700E21FD2 /* HeartBeatBO.swift */,
			);
			path = Models;
			sourceTree = "<group>";
		};
/* End PBXGroup section */

/* Begin PBXNativeTarget section */
		72E8F0502190F8700030189A /* iDataLogger */ = {
			isa = PBXNativeTarget;
			buildConfigurationList = 72E8F0632190F8710030189A /* Build configuration list for PBXNativeTarget "iDataLogger" */;
			buildPhases = (
				72E8F04D2190F8700030189A /* Sources */,
				72E8F04E2190F8700030189A /* Frameworks */,
				72E8F04F2190F8700030189A /* Resources */,
			);
			buildRules = (
			);
			dependencies = (
			);
			name = iDataLogger;
			productName = iDataLogger;
			productReference = 72E8F0512190F8700030189A /* iDataLogger.app */;
			productType = "com.apple.product-type.application";
		};
/* End PBXNativeTarget section */

/* Begin PBXProject section */
		72E8F0492190F8700030189A /* Project object */ = {
			isa = PBXProject;
			attributes = {
				LastSwiftUpdateCheck = 1010;
				LastUpgradeCheck = 1010;
				ORGANIZATIONNAME = "Abhilash Tyagi";
				TargetAttributes = {
					72E8F0502190F8700030189A = {
						CreatedOnToolsVersion = 10.1;
					};
				};
			};
			buildConfigurationList = 72E8F04C2190F8700030189A /* Build configuration list for PBXProject "iDataLogger" */;
			compatibilityVersion = "Xcode 9.3";
			developmentRegion = en;
			hasScannedForEncodings = 0;
			knownRegions = (
				en,
				Base,
			);
			mainGroup = 72E8F0482190F8700030189A;
			productRefGroup = 72E8F0522190F8700030189A /* Products */;
			projectDirPath = "";
			projectRoot = "";
			targets = (
				72E8F0502190F8700030189A /* iDataLogger */,
			);
		};
/* End PBXProject section */

/* Begin PBXResourcesBuildPhase section */
		72E8F04F2190F8700030189A /* Resources */ = {
			isa = PBXResourcesBuildPhase;
			buildActionMask = 2147483647;
			files = (
				72E8F05F2190F8710030189A /* LaunchScreen.storyboard in Resources */,
				72E8F05C2190F8710030189A /* Assets.xcassets in Resources */,
				72E8F05A2190F8700030189A /* Main.storyboard in Resources */,
			);
			runOnlyForDeploymentPostprocessing = 0;
		};
/* End PBXResourcesBuildPhase section */

/* Begin PBXSourcesBuildPhase section */
		72E8F04D2190F8700030189A /* Sources */ = {
			isa = PBXSourcesBuildPhase;
			buildActionMask = 2147483647;
			files = (
				728C5B6F2193D386002CB080 /* DataLoggerUserDefaults.swift in Sources */,
				72CA9E2221933BB30027A6F6 /* FDKeychain.m in Sources */,
				7228E9362191338900029538 /* AppDelegate.swift in Sources */,
				72C372AD2197C35400D172AF /* BaroManager.swift in Sources */,
				72C372AB21969B3200D172AF /* LocationManager.swift in Sources */,
				728C5B692193D2AE002CB080 /* Reachability.swift in Sources */,
				728C5B732193DF51002CB080 /* FunctionUtil.swift in Sources */,
				A7D840E721951E3700E21FD2 /* HttpRequest.swift in Sources */,
				A7D840E621951E3700E21FD2 /* ConnectionManager.swift in Sources */,
				728C5B672193D03A002CB080 /* BaseViewController.swift in Sources */,
				7228E9352191338900029538 /* ViewController.swift in Sources */,
				A7D840E821951E3700E21FD2 /* HeartBeatBO.swift in Sources */,
			);
			runOnlyForDeploymentPostprocessing = 0;
		};
/* End PBXSourcesBuildPhase section */

/* Begin PBXVariantGroup section */
		72E8F0582190F8700030189A /* Main.storyboard */ = {
			isa = PBXVariantGroup;
			children = (
				72E8F0592190F8700030189A /* Base */,
			);
			name = Main.storyboard;
			sourceTree = "<group>";
		};
		72E8F05D2190F8710030189A /* LaunchScreen.storyboard */ = {
			isa = PBXVariantGroup;
			children = (
				72E8F05E2190F8710030189A /* Base */,
			);
			name = LaunchScreen.storyboard;
			sourceTree = "<group>";
		};
/* End PBXVariantGroup section */

/* Begin XCBuildConfiguration section */
		72E8F0612190F8710030189A /* Debug */ = {
			isa = XCBuildConfiguration;
			buildSettings = {
				ALWAYS_SEARCH_USER_PATHS = NO;
				CLANG_ANALYZER_NONNULL = YES;
				CLANG_ANALYZER_NUMBER_OBJECT_CONVERSION = YES_AGGRESSIVE;
				CLANG_CXX_LANGUAGE_STANDARD = "gnu++14";
				CLANG_CXX_LIBRARY = "libc++";
				CLANG_ENABLE_MODULES = YES;
				CLANG_ENABLE_OBJC_ARC = YES;
				CLANG_ENABLE_OBJC_WEAK = YES;
				CLANG_WARN_BLOCK_CAPTURE_AUTORELEASING = YES;
				CLANG_WARN_BOOL_CONVERSION = YES;
				CLANG_WARN_COMMA = YES;
				CLANG_WARN_CONSTANT_CONVERSION = YES;
				CLANG_WARN_DEPRECATED_OBJC_IMPLEMENTATIONS = YES;
				CLANG_WARN_DIRECT_OBJC_ISA_USAGE = YES_ERROR;
				CLANG_WARN_DOCUMENTATION_COMMENTS = YES;
				CLANG_WARN_EMPTY_BODY = YES;
				CLANG_WARN_ENUM_CONVERSION = YES;
				CLANG_WARN_INFINITE_RECURSION = YES;
				CLANG_WARN_INT_CONVERSION = YES;
				CLANG_WARN_NON_LITERAL_NULL_CONVERSION = YES;
				CLANG_WARN_OBJC_IMPLICIT_RETAIN_SELF = YES;
				CLANG_WARN_OBJC_LITERAL_CONVERSION = YES;
				CLANG_WARN_OBJC_ROOT_CLASS = YES_ERROR;
				CLANG_WARN_RANGE_LOOP_ANALYSIS = YES;
				CLANG_WARN_STRICT_PROTOTYPES = YES;
				CLANG_WARN_SUSPICIOUS_MOVE = YES;
				CLANG_WARN_UNGUARDED_AVAILABILITY = YES_AGGRESSIVE;
				CLANG_WARN_UNREACHABLE_CODE = YES;
				CLANG_WARN__DUPLICATE_METHOD_MATCH = YES;
				CODE_SIGN_IDENTITY = "iPhone Developer";
				COPY_PHASE_STRIP = NO;
				DEBUG_INFORMATION_FORMAT = dwarf;
				ENABLE_STRICT_OBJC_MSGSEND = YES;
				ENABLE_TESTABILITY = YES;
				GCC_C_LANGUAGE_STANDARD = gnu11;
				GCC_DYNAMIC_NO_PIC = NO;
				GCC_NO_COMMON_BLOCKS = YES;
				GCC_OPTIMIZATION_LEVEL = 0;
				GCC_PREPROCESSOR_DEFINITIONS = (
					"DEBUG=1",
					"$(inherited)",
				);
				GCC_WARN_64_TO_32_BIT_CONVERSION = YES;
				GCC_WARN_ABOUT_RETURN_TYPE = YES_ERROR;
				GCC_WARN_UNDECLARED_SELECTOR = YES;
				GCC_WARN_UNINITIALIZED_AUTOS = YES_AGGRESSIVE;
				GCC_WARN_UNUSED_FUNCTION = YES;
				GCC_WARN_UNUSED_VARIABLE = YES;
				IPHONEOS_DEPLOYMENT_TARGET = 12.1;
				MTL_ENABLE_DEBUG_INFO = INCLUDE_SOURCE;
				MTL_FAST_MATH = YES;
				ONLY_ACTIVE_ARCH = YES;
				SDKROOT = iphoneos;
				SWIFT_ACTIVE_COMPILATION_CONDITIONS = DEBUG;
				SWIFT_OPTIMIZATION_LEVEL = "-Onone";
			};
			name = Debug;
		};
		72E8F0622190F8710030189A /* Release */ = {
			isa = XCBuildConfiguration;
			buildSettings = {
				ALWAYS_SEARCH_USER_PATHS = NO;
				CLANG_ANALYZER_NONNULL = YES;
				CLANG_ANALYZER_NUMBER_OBJECT_CONVERSION = YES_AGGRESSIVE;
				CLANG_CXX_LANGUAGE_STANDARD = "gnu++14";
				CLANG_CXX_LIBRARY = "libc++";
				CLANG_ENABLE_MODULES = YES;
				CLANG_ENABLE_OBJC_ARC = YES;
				CLANG_ENABLE_OBJC_WEAK = YES;
				CLANG_WARN_BLOCK_CAPTURE_AUTORELEASING = YES;
				CLANG_WARN_BOOL_CONVERSION = YES;
				CLANG_WARN_COMMA = YES;
				CLANG_WARN_CONSTANT_CONVERSION = YES;
				CLANG_WARN_DEPRECATED_OBJC_IMPLEMENTATIONS = YES;
				CLANG_WARN_DIRECT_OBJC_ISA_USAGE = YES_ERROR;
				CLANG_WARN_DOCUMENTATION_COMMENTS = YES;
				CLANG_WARN_EMPTY_BODY = YES;
				CLANG_WARN_ENUM_CONVERSION = YES;
				CLANG_WARN_INFINITE_RECURSION = YES;
				CLANG_WARN_INT_CONVERSION = YES;
				CLANG_WARN_NON_LITERAL_NULL_CONVERSION = YES;
				CLANG_WARN_OBJC_IMPLICIT_RETAIN_SELF = YES;
				CLANG_WARN_OBJC_LITERAL_CONVERSION = YES;
				CLANG_WARN_OBJC_ROOT_CLASS = YES_ERROR;
				CLANG_WARN_RANGE_LOOP_ANALYSIS = YES;
				CLANG_WARN_STRICT_PROTOTYPES = YES;
				CLANG_WARN_SUSPICIOUS_MOVE = YES;
				CLANG_WARN_UNGUARDED_AVAILABILITY = YES_AGGRESSIVE;
				CLANG_WARN_UNREACHABLE_CODE = YES;
				CLANG_WARN__DUPLICATE_METHOD_MATCH = YES;
				CODE_SIGN_IDENTITY = "iPhone Developer";
				COPY_PHASE_STRIP = NO;
				DEBUG_INFORMATION_FORMAT = "dwarf-with-dsym";
				ENABLE_NS_ASSERTIONS = NO;
				ENABLE_STRICT_OBJC_MSGSEND = YES;
				GCC_C_LANGUAGE_STANDARD = gnu11;
				GCC_NO_COMMON_BLOCKS = YES;
				GCC_WARN_64_TO_32_BIT_CONVERSION = YES;
				GCC_WARN_ABOUT_RETURN_TYPE = YES_ERROR;
				GCC_WARN_UNDECLARED_SELECTOR = YES;
				GCC_WARN_UNINITIALIZED_AUTOS = YES_AGGRESSIVE;
				GCC_WARN_UNUSED_FUNCTION = YES;
				GCC_WARN_UNUSED_VARIABLE = YES;
				IPHONEOS_DEPLOYMENT_TARGET = 12.1;
				MTL_ENABLE_DEBUG_INFO = NO;
				MTL_FAST_MATH = YES;
				SDKROOT = iphoneos;
				SWIFT_COMPILATION_MODE = wholemodule;
				SWIFT_OPTIMIZATION_LEVEL = "-O";
				VALIDATE_PRODUCT = YES;
			};
			name = Release;
		};
		72E8F0642190F8710030189A /* Debug */ = {
			isa = XCBuildConfiguration;
			buildSettings = {
				ASSETCATALOG_COMPILER_APPICON_NAME = AppIcon;
				CODE_SIGN_STYLE = Manual;
				DEVELOPMENT_TEAM = 7XPV9MKHRH;
				INFOPLIST_FILE = iDataLogger/Info.plist;
				IPHONEOS_DEPLOYMENT_TARGET = 12.1;
				LD_RUNPATH_SEARCH_PATHS = (
					"$(inherited)",
					"@executable_path/Frameworks",
				);
				PRODUCT_BUNDLE_IDENTIFIER = com.polariswireless.iDataLogger;
				PRODUCT_NAME = "$(TARGET_NAME)";
				PROVISIONING_PROFILE_SPECIFIER = iDataLogger_Dev;
				SWIFT_OBJC_BRIDGING_HEADER = "$(PROJECT_DIR)/iDataLogger/CommonUtilities/iDataLogger-Bridging-Header.h";
				SWIFT_VERSION = 4.2;
				TARGETED_DEVICE_FAMILY = "1,2";
			};
			name = Debug;
		};
		72E8F0652190F8710030189A /* Release */ = {
			isa = XCBuildConfiguration;
			buildSettings = {
				ASSETCATALOG_COMPILER_APPICON_NAME = AppIcon;
				CODE_SIGN_STYLE = Manual;
				DEVELOPMENT_TEAM = 7XPV9MKHRH;
				INFOPLIST_FILE = iDataLogger/Info.plist;
				IPHONEOS_DEPLOYMENT_TARGET = 12.1;
				LD_RUNPATH_SEARCH_PATHS = (
					"$(inherited)",
					"@executable_path/Frameworks",
				);
				PRODUCT_BUNDLE_IDENTIFIER = com.polariswireless.iDataLogger;
				PRODUCT_NAME = "$(TARGET_NAME)";
				PROVISIONING_PROFILE_SPECIFIER = iDataLogger_Dev;
				SWIFT_OBJC_BRIDGING_HEADER = "$(PROJECT_DIR)/iDataLogger/CommonUtilities/iDataLogger-Bridging-Header.h";
				SWIFT_VERSION = 4.2;
				TARGETED_DEVICE_FAMILY = "1,2";
			};
			name = Release;
		};
/* End XCBuildConfiguration section */

/* Begin XCConfigurationList section */
		72E8F04C2190F8700030189A /* Build configuration list for PBXProject "iDataLogger" */ = {
			isa = XCConfigurationList;
			buildConfigurations = (
				72E8F0612190F8710030189A /* Debug */,
				72E8F0622190F8710030189A /* Release */,
			);
			defaultConfigurationIsVisible = 0;
			defaultConfigurationName = Release;
		};
		72E8F0632190F8710030189A /* Build configuration list for PBXNativeTarget "iDataLogger" */ = {
			isa = XCConfigurationList;
			buildConfigurations = (
				72E8F0642190F8710030189A /* Debug */,
				72E8F0652190F8710030189A /* Release */,
			);
			defaultConfigurationIsVisible = 0;
			defaultConfigurationName = Release;
		};
/* End XCConfigurationList section */
	};
	rootObject = 72E8F0492190F8700030189A /* Project object */;
}
